
Microsoft Visual Studio Solution File, Format Version 12.00
# Visual Studio Version 16
VisualStudioVersion = 16.0.30804.86
MinimumVisualStudioVersion = 10.0.40219.1
Project("{FAE04EC0-301F-11D3-BF4B-00C04F79EFBC}") = "OpenFile", "OpenFile.csproj", "{23682EDD-880F-4302-B878-A5F0F8D13FA9}"
EndProject
Project("{FAE04EC0-301F-11D3-BF4B-00C04F79EFBC}") = "ReceiveOpenfile", "..\ReceiveOpenfile\ReceiveOpenfile.csproj", "{FB315F51-93FD-418A-8A4C-2FE65ED44BD9}"
EndProject
Global
	GlobalSection(SolutionConfigurationPlatforms) = preSolution
		Debug|Any CPU = Debug|Any CPU
		Release|Any CPU = Release|Any CPU
	EndGlobalSection
	GlobalSection(ProjectConfigurationPlatforms) = postSolution
		{23682EDD-880F-4302-B878-A5F0F8D13FA9}.Debug|Any CPU.ActiveCfg = Debug|Any CPU
		{23682EDD-880F-4302-B878-A5F0F8D13FA9}.Debug|Any CPU.Build.0 = Debug|Any CPU
		{23682EDD-880F-4302-B878-A5F0F8D13FA9}.Release|Any CPU.ActiveCfg = Release|Any CPU
		{23682EDD-880F-4302-B878-A5F0F8D13FA9}.Release|Any CPU.Build.0 = Release|Any CPU
		{FB315F51-93FD-418A-8A4C-2FE65ED44BD9}.Debug|Any CPU.ActiveCfg = Debug|Any CPU
		{FB315F51-93FD-418A-8A4C-2FE65ED44BD9}.Debug|Any CPU.Build.0 = Debug|Any CPU
		{FB315F51-93FD-418A-8A4C-2FE65ED44BD9}.Release|Any CPU.ActiveCfg = Release|Any CPU
		{FB315F51-93FD-418A-8A4C-2FE65ED44BD9}.Release|Any CPU.Build.0 = Release|Any CPU
	EndGlobalSection
	GlobalSection(SolutionProperties) = preSolution
		HideSolutionNode = FALSE
	EndGlobalSection
	GlobalSection(ExtensibilityGlobals) = postSolution
		SolutionGuid = {87749444-2417-433D-B434-E99A59EF2069}
	EndGlobalSection
EndGlobal
